
Microsoft Visual Studio Solution File, Format Version 12.00
# Visual Studio Version 17
VisualStudioVersion = 17.0.31903.59
MinimumVisualStudioVersion = 10.0.40219.1
Project("{FAE04EC0-301F-11D3-BF4B-00C04F79EFBC}") = "MyComponents", "MyComponents\MyComponents.csproj", "{552E243C-7AE1-4150-895F-3EEB58EBD893}"
EndProject
Project("{FAE04EC0-301F-11D3-BF4B-00C04F79EFBC}") = "MyPulumiStack", "MyPulumiStack\MyPulumiStack.csproj", "{8D8D508D-B2F8-4709-A8D7-BB9DB1BF73DF}"
EndProject
Project("{FAE04EC0-301F-11D3-BF4B-00C04F79EFBC}") = "${PROJECT}", "MyPulumiTemplate\${PROJECT}.csproj", "{FCA184EA-E692-7F3E-B55E-9C8A1A2DC5D2}"
EndProject
Project("{FAE04EC0-301F-11D3-BF4B-00C04F79EFBC}") = "dummy", "dummy\dummy.csproj", "{FDB3AF13-153E-E6D3-5C37-927BCF678CEC}"
EndProject
Project("{FAE04EC0-301F-11D3-BF4B-00C04F79EFBC}") = "Brutiquzz.MyComponents", "MyPulumiTemplate\sdks\brutiquzz-my-components\Brutiquzz.MyComponents.csproj", "{FAE6B3B3-7361-C0A5-77F0-F89554B72B06}"
EndProject
Project("{FAE04EC0-301F-11D3-BF4B-00C04F79EFBC}") = "MyPulumiCLI", "MyPulumiCLI\MyPulumiCLI.csproj", "{24B4AAF9-00CC-454E-88FE-DA94D8F6A49A}"
EndProject
Project("{FAE04EC0-301F-11D3-BF4B-00C04F79EFBC}") = "Brutiquzz.Pulumicomponents", "MyPulumiTemplate\sdks\brutiquzz-pulumicomponents\Brutiquzz.Pulumicomponents.csproj", "{369FFD70-31EC-79EB-1FFA-D6779522D8D4}"
EndProject
Global
	GlobalSection(SolutionConfigurationPlatforms) = preSolution
		Debug|Any CPU = Debug|Any CPU
		Release|Any CPU = Release|Any CPU
	EndGlobalSection
	GlobalSection(ProjectConfigurationPlatforms) = postSolution
		{552E243C-7AE1-4150-895F-3EEB58EBD893}.Debug|Any CPU.ActiveCfg = Debug|Any CPU
		{552E243C-7AE1-4150-895F-3EEB58EBD893}.Debug|Any CPU.Build.0 = Debug|Any CPU
		{552E243C-7AE1-4150-895F-3EEB58EBD893}.Release|Any CPU.ActiveCfg = Release|Any CPU
		{552E243C-7AE1-4150-895F-3EEB58EBD893}.Release|Any CPU.Build.0 = Release|Any CPU
		{8D8D508D-B2F8-4709-A8D7-BB9DB1BF73DF}.Debug|Any CPU.ActiveCfg = Debug|Any CPU
		{8D8D508D-B2F8-4709-A8D7-BB9DB1BF73DF}.Debug|Any CPU.Build.0 = Debug|Any CPU
		{8D8D508D-B2F8-4709-A8D7-BB9DB1BF73DF}.Release|Any CPU.ActiveCfg = Release|Any CPU
		{8D8D508D-B2F8-4709-A8D7-BB9DB1BF73DF}.Release|Any CPU.Build.0 = Release|Any CPU
		{FCA184EA-E692-7F3E-B55E-9C8A1A2DC5D2}.Debug|Any CPU.ActiveCfg = Debug|Any CPU
		{FCA184EA-E692-7F3E-B55E-9C8A1A2DC5D2}.Debug|Any CPU.Build.0 = Debug|Any CPU
		{FCA184EA-E692-7F3E-B55E-9C8A1A2DC5D2}.Release|Any CPU.ActiveCfg = Release|Any CPU
		{FCA184EA-E692-7F3E-B55E-9C8A1A2DC5D2}.Release|Any CPU.Build.0 = Release|Any CPU
		{FDB3AF13-153E-E6D3-5C37-927BCF678CEC}.Debug|Any CPU.ActiveCfg = Debug|Any CPU
		{FDB3AF13-153E-E6D3-5C37-927BCF678CEC}.Debug|Any CPU.Build.0 = Debug|Any CPU
		{FDB3AF13-153E-E6D3-5C37-927BCF678CEC}.Release|Any CPU.ActiveCfg = Release|Any CPU
		{FDB3AF13-153E-E6D3-5C37-927BCF678CEC}.Release|Any CPU.Build.0 = Release|Any CPU
		{FAE6B3B3-7361-C0A5-77F0-F89554B72B06}.Debug|Any CPU.ActiveCfg = Debug|Any CPU
		{FAE6B3B3-7361-C0A5-77F0-F89554B72B06}.Debug|Any CPU.Build.0 = Debug|Any CPU
		{FAE6B3B3-7361-C0A5-77F0-F89554B72B06}.Release|Any CPU.ActiveCfg = Release|Any CPU
		{FAE6B3B3-7361-C0A5-77F0-F89554B72B06}.Release|Any CPU.Build.0 = Release|Any CPU
		{24B4AAF9-00CC-454E-88FE-DA94D8F6A49A}.Debug|Any CPU.ActiveCfg = Debug|Any CPU
		{24B4AAF9-00CC-454E-88FE-DA94D8F6A49A}.Debug|Any CPU.Build.0 = Debug|Any CPU
		{24B4AAF9-00CC-454E-88FE-DA94D8F6A49A}.Release|Any CPU.ActiveCfg = Release|Any CPU
		{24B4AAF9-00CC-454E-88FE-DA94D8F6A49A}.Release|Any CPU.Build.0 = Release|Any CPU
		{369FFD70-31EC-79EB-1FFA-D6779522D8D4}.Debug|Any CPU.ActiveCfg = Debug|Any CPU
		{369FFD70-31EC-79EB-1FFA-D6779522D8D4}.Debug|Any CPU.Build.0 = Debug|Any CPU
		{369FFD70-31EC-79EB-1FFA-D6779522D8D4}.Release|Any CPU.ActiveCfg = Release|Any CPU
		{369FFD70-31EC-79EB-1FFA-D6779522D8D4}.Release|Any CPU.Build.0 = Release|Any CPU
	EndGlobalSection
	GlobalSection(SolutionProperties) = preSolution
		HideSolutionNode = FALSE
	EndGlobalSection
	GlobalSection(ExtensibilityGlobals) = postSolution
		SolutionGuid = {0E20C170-8E1A-4CF4-8BEF-587F83F0E7A8}
	EndGlobalSection
EndGlobal
